
Microsoft Visual Studio Solution File, Format Version 12.00
# Visual Studio 15
VisualStudioVersion = 15.0.28307.168
MinimumVisualStudioVersion = 10.0.40219.1
Project("{FAE04EC0-301F-11D3-BF4B-00C04F79EFBC}") = "PruefungGereke", "PruefungGereke\PruefungGereke.csproj", "{AB2DF8CE-D386-47B3-B8F5-A8C26B3848CB}"
EndProject
Global
	GlobalSection(SolutionConfigurationPlatforms) = preSolution
		Debug|Any CPU = Debug|Any CPU
		Release|Any CPU = Release|Any CPU
	EndGlobalSection
	GlobalSection(ProjectConfigurationPlatforms) = postSolution
		{AB2DF8CE-D386-47B3-B8F5-A8C26B3848CB}.Debug|Any CPU.ActiveCfg = Debug|Any CPU
		{AB2DF8CE-D386-47B3-B8F5-A8C26B3848CB}.Debug|Any CPU.Build.0 = Debug|Any CPU
		{AB2DF8CE-D386-47B3-B8F5-A8C26B3848CB}.Release|Any CPU.ActiveCfg = Release|Any CPU
		{AB2DF8CE-D386-47B3-B8F5-A8C26B3848CB}.Release|Any CPU.Build.0 = Release|Any CPU
	EndGlobalSection
	GlobalSection(SolutionProperties) = preSolution
		HideSolutionNode = FALSE
	EndGlobalSection
	GlobalSection(ExtensibilityGlobals) = postSolution
		SolutionGuid = {0AEF998C-FBD0-41DB-9154-C3B0E52D6B4E}
	EndGlobalSection
EndGlobal
